
Microsoft Visual Studio Solution File, Format Version 12.00
# Visual Studio Version 17
VisualStudioVersion = 17.9.34728.123
MinimumVisualStudioVersion = 10.0.40219.1
Project("{8BC9CEB8-8B4A-11D0-8D11-00A0C91BC942}") = "PG2_EV2", "PG2_EV2.vcxproj", "{6BCB8FE2-ECA9-4D44-B14A-15BC1F9F0E76}"
EndProject
Global
	GlobalSection(SolutionConfigurationPlatforms) = preSolution
		Debug|x64 = Debug|x64
		Release|x64 = Release|x64
	EndGlobalSection
	GlobalSection(ProjectConfigurationPlatforms) = postSolution
		{6BCB8FE2-ECA9-4D44-B14A-15BC1F9F0E76}.Debug|x64.ActiveCfg = Debug|x64
		{6BCB8FE2-ECA9-4D44-B14A-15BC1F9F0E76}.Debug|x64.Build.0 = Debug|x64
		{6BCB8FE2-ECA9-4D44-B14A-15BC1F9F0E76}.Release|x64.ActiveCfg = Release|x64
		{6BCB8FE2-ECA9-4D44-B14A-15BC1F9F0E76}.Release|x64.Build.0 = Release|x64
	EndGlobalSection
	GlobalSection(SolutionProperties) = preSolution
		HideSolutionNode = FALSE
	EndGlobalSection
	GlobalSection(ExtensibilityGlobals) = postSolution
		SolutionGuid = {45D8B50F-F182-4153-B20F-108B956E085F}
	EndGlobalSection
EndGlobal
